// !$*UTF8*$!
{
	archiveVersion = 1;
	classes = {
	};
	objectVersion = 46;
	objects = {

/* Begin PBXBuildFile section */
		8391D46A1DE649080001F2C8 /* AppDelegate.swift in Sources */ = {isa = PBXBuildFile; fileRef = 8391D4691DE649080001F2C8 /* AppDelegate.swift */; };
		8391D46C1DE649080001F2C8 /* ViewController.swift in Sources */ = {isa = PBXBuildFile; fileRef = 8391D46B1DE649080001F2C8 /* ViewController.swift */; };
		8391D46F1DE649080001F2C8 /* Main.storyboard in Resources */ = {isa = PBXBuildFile; fileRef = 8391D46D1DE649080001F2C8 /* Main.storyboard */; };
		8391D4711DE649080001F2C8 /* Assets.xcassets in Resources */ = {isa = PBXBuildFile; fileRef = 8391D4701DE649080001F2C8 /* Assets.xcassets */; };
		8391D4741DE649080001F2C8 /* LaunchScreen.storyboard in Resources */ = {isa = PBXBuildFile; fileRef = 8391D4721DE649080001F2C8 /* LaunchScreen.storyboard */; };
		8391D47D1DE657CE0001F2C8 /* SQLite.framework in Frameworks */ = {isa = PBXBuildFile; fileRef = 8391D47C1DE657CE0001F2C8 /* SQLite.framework */; };
		8391D47E1DE657D60001F2C8 /* SQLite.framework in Frameworks */ = {isa = PBXBuildFile; fileRef = 8391D47C1DE657CE0001F2C8 /* SQLite.framework */; };
		8391D47F1DE657D60001F2C8 /* SQLite.framework in Embed Frameworks */ = {isa = PBXBuildFile; fileRef = 8391D47C1DE657CE0001F2C8 /* SQLite.framework */; settings = {ATTRIBUTES = (CodeSignOnCopy, RemoveHeadersOnCopy, ); }; };
		8391D4821DE65C9E0001F2C8 /* TaskCellTableViewCell.swift in Sources */ = {isa = PBXBuildFile; fileRef = 8391D4811DE65C9E0001F2C8 /* TaskCellTableViewCell.swift */; };
/* End PBXBuildFile section */

/* Begin PBXCopyFilesBuildPhase section */
		8391D4801DE657D60001F2C8 /* Embed Frameworks */ = {
			isa = PBXCopyFilesBuildPhase;
			buildActionMask = 2147483647;
			dstPath = "";
			dstSubfolderSpec = 10;
			files = (
				8391D47F1DE657D60001F2C8 /* SQLite.framework in Embed Frameworks */,
			);
			name = "Embed Frameworks";
			runOnlyForDeploymentPostprocessing = 0;
		};
/* End PBXCopyFilesBuildPhase section */

/* Begin PBXFileReference section */
		8391D4661DE649080001F2C8 /* chrisras-pset4.app */ = {isa = PBXFileReference; explicitFileType = wrapper.application; includeInIndex = 0; path = "chrisras-pset4.app"; sourceTree = BUILT_PRODUCTS_DIR; };
		8391D4691DE649080001F2C8 /* AppDelegate.swift */ = {isa = PBXFileReference; lastKnownFileType = sourcecode.swift; path = AppDelegate.swift; sourceTree = "<group>"; };
		8391D46B1DE649080001F2C8 /* ViewController.swift */ = {isa = PBXFileReference; lastKnownFileType = sourcecode.swift; path = ViewController.swift; sourceTree = "<group>"; };
		8391D46E1DE649080001F2C8 /* Base */ = {isa = PBXFileReference; lastKnownFileType = file.storyboard; name = Base; path = Base.lproj/Main.storyboard; sourceTree = "<group>"; };
		8391D4701DE649080001F2C8 /* Assets.xcassets */ = {isa = PBXFileReference; lastKnownFileType = folder.assetcatalog; path = Assets.xcassets; sourceTree = "<group>"; };
		8391D4731DE649080001F2C8 /* Base */ = {isa = PBXFileReference; lastKnownFileType = file.storyboard; name = Base; path = Base.lproj/LaunchScreen.storyboard; sourceTree = "<group>"; };
		8391D4751DE649080001F2C8 /* Info.plist */ = {isa = PBXFileReference; lastKnownFileType = text.plist.xml; path = Info.plist; sourceTree = "<group>"; };
		8391D47C1DE657CE0001F2C8 /* SQLite.framework */ = {isa = PBXFileReference; lastKnownFileType = wrapper.framework; name = SQLite.framework; path = Carthage/Build/iOS/SQLite.framework; sourceTree = "<group>"; };
		8391D4811DE65C9E0001F2C8 /* TaskCellTableViewCell.swift */ = {isa = PBXFileReference; fileEncoding = 4; lastKnownFileType = sourcecode.swift; path = TaskCellTableViewCell.swift; sourceTree = "<group>"; };
/* End PBXFileReference section */

/* Begin PBXFrameworksBuildPhase section */
		8391D4631DE649080001F2C8 /* Frameworks */ = {
			isa = PBXFrameworksBuildPhase;
			buildActionMask = 2147483647;
			files = (
				8391D47E1DE657D60001F2C8 /* SQLite.framework in Frameworks */,
				8391D47D1DE657CE0001F2C8 /* SQLite.framework in Frameworks */,
			);
			runOnlyForDeploymentPostprocessing = 0;
		};
/* End PBXFrameworksBuildPhase section */

/* Begin PBXGroup section */
		8391D45D1DE649080001F2C8 = {
			isa = PBXGroup;
			children = (
				8391D4681DE649080001F2C8 /* chrisras-pset4 */,
				8391D4671DE649080001F2C8 /* Products */,
				8391D47B1DE657CE0001F2C8 /* Frameworks */,
			);
			sourceTree = "<group>";
		};
		8391D4671DE649080001F2C8 /* Products */ = {
			isa = PBXGroup;
			children = (
				8391D4661DE649080001F2C8 /* chrisras-pset4.app */,
			);
			name = Products;
			sourceTree = "<group>";
		};
		8391D4681DE649080001F2C8 /* chrisras-pset4 */ = {
			isa = PBXGroup;
			children = (
				8391D4691DE649080001F2C8 /* AppDelegate.swift */,
				8391D46B1DE649080001F2C8 /* ViewController.swift */,
				8391D46D1DE649080001F2C8 /* Main.storyboard */,
				8391D4701DE649080001F2C8 /* Assets.xcassets */,
				8391D4721DE649080001F2C8 /* LaunchScreen.storyboard */,
				8391D4751DE649080001F2C8 /* Info.plist */,
				8391D4811DE65C9E0001F2C8 /* TaskCellTableViewCell.swift */,
			);
			path = "chrisras-pset4";
			sourceTree = "<group>";
		};
		8391D47B1DE657CE0001F2C8 /* Frameworks */ = {
			isa = PBXGroup;
			children = (
				8391D47C1DE657CE0001F2C8 /* SQLite.framework */,
			);
			name = Frameworks;
			sourceTree = "<group>";
		};
/* End PBXGroup section */

/* Begin PBXNativeTarget section */
		8391D4651DE649080001F2C8 /* chrisras-pset4 */ = {
			isa = PBXNativeTarget;
			buildConfigurationList = 8391D4781DE649080001F2C8 /* Build configuration list for PBXNativeTarget "chrisras-pset4" */;
			buildPhases = (
				8391D4621DE649080001F2C8 /* Sources */,
				8391D4631DE649080001F2C8 /* Frameworks */,
				8391D4641DE649080001F2C8 /* Resources */,
				8391D4801DE657D60001F2C8 /* Embed Frameworks */,
			);
			buildRules = (
			);
			dependencies = (
			);
			name = "chrisras-pset4";
			productName = "chrisras-pset4";
			productReference = 8391D4661DE649080001F2C8 /* chrisras-pset4.app */;
			productType = "com.apple.product-type.application";
		};
/* End PBXNativeTarget section */

/* Begin PBXProject section */
		8391D45E1DE649080001F2C8 /* Project object */ = {
			isa = PBXProject;
			attributes = {
				LastSwiftUpdateCheck = 0810;
				LastUpgradeCheck = 0810;
				ORGANIZATIONNAME = "Chris Ras";
				TargetAttributes = {
					8391D4651DE649080001F2C8 = {
						CreatedOnToolsVersion = 8.1;
						ProvisioningStyle = Automatic;
					};
				};
			};
			buildConfigurationList = 8391D4611DE649080001F2C8 /* Build configuration list for PBXProject "chrisras-pset4" */;
			compatibilityVersion = "Xcode 3.2";
			developmentRegion = English;
			hasScannedForEncodings = 0;
			knownRegions = (
				en,
				Base,
			);
			mainGroup = 8391D45D1DE649080001F2C8;
			productRefGroup = 8391D4671DE649080001F2C8 /* Products */;
			projectDirPath = "";
			projectRoot = "";
			targets = (
				8391D4651DE649080001F2C8 /* chrisras-pset4 */,
			);
		};
/* End PBXProject section */

/* Begin PBXResourcesBuildPhase section */
		8391D4641DE649080001F2C8 /* Resources */ = {
			isa = PBXResourcesBuildPhase;
			buildActionMask = 2147483647;
			files = (
				8391D4741DE649080001F2C8 /* LaunchScreen.storyboard in Resources */,
				8391D4711DE649080001F2C8 /* Assets.xcassets in Resources */,
				8391D46F1DE649080001F2C8 /* Main.storyboard in Resources */,
			);
			runOnlyForDeploymentPostprocessing = 0;
		};
/* End PBXResourcesBuildPhase section */

/* Begin PBXSourcesBuildPhase section */
		8391D4621DE649080001F2C8 /* Sources */ = {
			isa = PBXSourcesBuildPhase;
			buildActionMask = 2147483647;
			files = (
				8391D46C1DE649080001F2C8 /* ViewController.swift in Sources */,
				8391D4821DE65C9E0001F2C8 /* TaskCellTableViewCell.swift in Sources */,
				8391D46A1DE649080001F2C8 /* AppDelegate.swift in Sources */,
			);
			runOnlyForDeploymentPostprocessing = 0;
		};
/* End PBXSourcesBuildPhase section */

/* Begin PBXVariantGroup section */
		8391D46D1DE649080001F2C8 /* Main.storyboard */ = {
			isa = PBXVariantGroup;
			children = (
				8391D46E1DE649080001F2C8 /* Base */,
			);
			name = Main.storyboard;
			sourceTree = "<group>";
		};
		8391D4721DE649080001F2C8 /* LaunchScreen.storyboard */ = {
			isa = PBXVariantGroup;
			children = (
				8391D4731DE649080001F2C8 /* Base */,
			);
			name = LaunchScreen.storyboard;
			sourceTree = "<group>";
		};
/* End PBXVariantGroup section */

/* Begin XCBuildConfiguration section */
		8391D4761DE649080001F2C8 /* Debug */ = {
			isa = XCBuildConfiguration;
			buildSettings = {
				ALWAYS_SEARCH_USER_PATHS = NO;
				CLANG_ANALYZER_NONNULL = YES;
				CLANG_CXX_LANGUAGE_STANDARD = "gnu++0x";
				CLANG_CXX_LIBRARY = "libc++";
				CLANG_ENABLE_MODULES = YES;
				CLANG_ENABLE_OBJC_ARC = YES;
				CLANG_WARN_BOOL_CONVERSION = YES;
				CLANG_WARN_CONSTANT_CONVERSION = YES;
				CLANG_WARN_DIRECT_OBJC_ISA_USAGE = YES_ERROR;
				CLANG_WARN_DOCUMENTATION_COMMENTS = YES;
				CLANG_WARN_EMPTY_BODY = YES;
				CLANG_WARN_ENUM_CONVERSION = YES;
				CLANG_WARN_INFINITE_RECURSION = YES;
				CLANG_WARN_INT_CONVERSION = YES;
				CLANG_WARN_OBJC_ROOT_CLASS = YES_ERROR;
				CLANG_WARN_SUSPICIOUS_MOVES = YES;
				CLANG_WARN_UNREACHABLE_CODE = YES;
				CLANG_WARN__DUPLICATE_METHOD_MATCH = YES;
				"CODE_SIGN_IDENTITY[sdk=iphoneos*]" = "iPhone Developer";
				COPY_PHASE_STRIP = NO;
				DEBUG_INFORMATION_FORMAT = dwarf;
				ENABLE_STRICT_OBJC_MSGSEND = YES;
				ENABLE_TESTABILITY = YES;
				GCC_C_LANGUAGE_STANDARD = gnu99;
				GCC_DYNAMIC_NO_PIC = NO;
				GCC_NO_COMMON_BLOCKS = YES;
				GCC_OPTIMIZATION_LEVEL = 0;
				GCC_PREPROCESSOR_DEFINITIONS = (
					"DEBUG=1",
					"$(inherited)",
				);
				GCC_WARN_64_TO_32_BIT_CONVERSION = YES;
				GCC_WARN_ABOUT_RETURN_TYPE = YES_ERROR;
				GCC_WARN_UNDECLARED_SELECTOR = YES;
				GCC_WARN_UNINITIALIZED_AUTOS = YES_AGGRESSIVE;
				GCC_WARN_UNUSED_FUNCTION = YES;
				GCC_WARN_UNUSED_VARIABLE = YES;
				IPHONEOS_DEPLOYMENT_TARGET = 10.1;
				MTL_ENABLE_DEBUG_INFO = YES;
				ONLY_ACTIVE_ARCH = YES;
				SDKROOT = iphoneos;
				SWIFT_ACTIVE_COMPILATION_CONDITIONS = DEBUG;
				SWIFT_OPTIMIZATION_LEVEL = "-Onone";
				TARGETED_DEVICE_FAMILY = "1,2";
			};
			name = Debug;
		};
		8391D4771DE649080001F2C8 /* Release */ = {
			isa = XCBuildConfiguration;
			buildSettings = {
				ALWAYS_SEARCH_USER_PATHS = NO;
				CLANG_ANALYZER_NONNULL = YES;
				CLANG_CXX_LANGUAGE_STANDARD = "gnu++0x";
				CLANG_CXX_LIBRARY = "libc++";
				CLANG_ENABLE_MODULES = YES;
				CLANG_ENABLE_OBJC_ARC = YES;
				CLANG_WARN_BOOL_CONVERSION = YES;
				CLANG_WARN_CONSTANT_CONVERSION = YES;
				CLANG_WARN_DIRECT_OBJC_ISA_USAGE = YES_ERROR;
				CLANG_WARN_DOCUMENTATION_COMMENTS = YES;
				CLANG_WARN_EMPTY_BODY = YES;
				CLANG_WARN_ENUM_CONVERSION = YES;
				CLANG_WARN_INFINITE_RECURSION = YES;
				CLANG_WARN_INT_CONVERSION = YES;
				CLANG_WARN_OBJC_ROOT_CLASS = YES_ERROR;
				CLANG_WARN_SUSPICIOUS_MOVES = YES;
				CLANG_WARN_UNREACHABLE_CODE = YES;
				CLANG_WARN__DUPLICATE_METHOD_MATCH = YES;
				"CODE_SIGN_IDENTITY[sdk=iphoneos*]" = "iPhone Developer";
				COPY_PHASE_STRIP = NO;
				DEBUG_INFORMATION_FORMAT = "dwarf-with-dsym";
				ENABLE_NS_ASSERTIONS = NO;
				ENABLE_STRICT_OBJC_MSGSEND = YES;
				GCC_C_LANGUAGE_STANDARD = gnu99;
				GCC_NO_COMMON_BLOCKS = YES;
				GCC_WARN_64_TO_32_BIT_CONVERSION = YES;
				GCC_WARN_ABOUT_RETURN_TYPE = YES_ERROR;
				GCC_WARN_UNDECLARED_SELECTOR = YES;
				GCC_WARN_UNINITIALIZED_AUTOS = YES_AGGRESSIVE;
				GCC_WARN_UNUSED_FUNCTION = YES;
				GCC_WARN_UNUSED_VARIABLE = YES;
				IPHONEOS_DEPLOYMENT_TARGET = 10.1;
				MTL_ENABLE_DEBUG_INFO = NO;
				SDKROOT = iphoneos;
				SWIFT_OPTIMIZATION_LEVEL = "-Owholemodule";
				TARGETED_DEVICE_FAMILY = "1,2";
				VALIDATE_PRODUCT = YES;
			};
			name = Release;
		};
		8391D4791DE649080001F2C8 /* Debug */ = {
			isa = XCBuildConfiguration;
			buildSettings = {
				ASSETCATALOG_COMPILER_APPICON_NAME = AppIcon;
				FRAMEWORK_SEARCH_PATHS = (
					"$(inherited)",
					"$(PROJECT_DIR)/Carthage/Build/iOS",
				);
				INFOPLIST_FILE = "chrisras-pset4/Info.plist";
				LD_RUNPATH_SEARCH_PATHS = "$(inherited) @executable_path/Frameworks";
				PRODUCT_BUNDLE_IDENTIFIER = "nl.mprog.chrisras-pset4";
				PRODUCT_NAME = "$(TARGET_NAME)";
				SWIFT_VERSION = 3.0;
			};
			name = Debug;
		};
		8391D47A1DE649080001F2C8 /* Release */ = {
			isa = XCBuildConfiguration;
			buildSettings = {
				ASSETCATALOG_COMPILER_APPICON_NAME = AppIcon;
				FRAMEWORK_SEARCH_PATHS = (
					"$(inherited)",
					"$(PROJECT_DIR)/Carthage/Build/iOS",
				);
				INFOPLIST_FILE = "chrisras-pset4/Info.plist";
				LD_RUNPATH_SEARCH_PATHS = "$(inherited) @executable_path/Frameworks";
				PRODUCT_BUNDLE_IDENTIFIER = "nl.mprog.chrisras-pset4";
				PRODUCT_NAME = "$(TARGET_NAME)";
				SWIFT_VERSION = 3.0;
			};
			name = Release;
		};
/* End XCBuildConfiguration section */

/* Begin XCConfigurationList section */
		8391D4611DE649080001F2C8 /* Build configuration list for PBXProject "chrisras-pset4" */ = {
			isa = XCConfigurationList;
			buildConfigurations = (
				8391D4761DE649080001F2C8 /* Debug */,
				8391D4771DE649080001F2C8 /* Release */,
			);
			defaultConfigurationIsVisible = 0;
			defaultConfigurationName = Release;
		};
		8391D4781DE649080001F2C8 /* Build configuration list for PBXNativeTarget "chrisras-pset4" */ = {
			isa = XCConfigurationList;
			buildConfigurations = (
				8391D4791DE649080001F2C8 /* Debug */,
				8391D47A1DE649080001F2C8 /* Release */,
			);
			defaultConfigurationIsVisible = 0;
		};
/* End XCConfigurationList section */
	};
	rootObject = 8391D45E1DE649080001F2C8 /* Project object */;
}
